
Microsoft Visual Studio Solution File, Format Version 12.00
# Visual Studio Version 16
VisualStudioVersion = 25.0.1706.6
MinimumVisualStudioVersion = 10.0.40219.1
Project("{FAE04EC0-301F-11D3-BF4B-00C04F79EFBC}") = "PracticeExercise3", "PracticeExercise3\PracticeExercise3.csproj", "{E5ABFDBC-EF57-4B6E-AD17-BF9B134CEC26}"
EndProject
Project("{FAE04EC0-301F-11D3-BF4B-00C04F79EFBC}") = "UnitTests", "UnitTests\UnitTests.csproj", "{D1A4BDA5-F2ED-47F9-B8A3-4C697D8953B5}"
EndProject
Global
	GlobalSection(SolutionConfigurationPlatforms) = preSolution
		Debug|Any CPU = Debug|Any CPU
		Release|Any CPU = Release|Any CPU
	EndGlobalSection
	GlobalSection(ProjectConfigurationPlatforms) = postSolution
		{E5ABFDBC-EF57-4B6E-AD17-BF9B134CEC26}.Debug|Any CPU.ActiveCfg = Debug|Any CPU
		{E5ABFDBC-EF57-4B6E-AD17-BF9B134CEC26}.Debug|Any CPU.Build.0 = Debug|Any CPU
		{E5ABFDBC-EF57-4B6E-AD17-BF9B134CEC26}.Release|Any CPU.ActiveCfg = Release|Any CPU
		{E5ABFDBC-EF57-4B6E-AD17-BF9B134CEC26}.Release|Any CPU.Build.0 = Release|Any CPU
		{D1A4BDA5-F2ED-47F9-B8A3-4C697D8953B5}.Debug|Any CPU.ActiveCfg = Debug|Any CPU
		{D1A4BDA5-F2ED-47F9-B8A3-4C697D8953B5}.Debug|Any CPU.Build.0 = Debug|Any CPU
		{D1A4BDA5-F2ED-47F9-B8A3-4C697D8953B5}.Release|Any CPU.ActiveCfg = Release|Any CPU
		{D1A4BDA5-F2ED-47F9-B8A3-4C697D8953B5}.Release|Any CPU.Build.0 = Release|Any CPU
	EndGlobalSection
	GlobalSection(SolutionProperties) = preSolution
		HideSolutionNode = FALSE
	EndGlobalSection
	GlobalSection(ExtensibilityGlobals) = postSolution
		SolutionGuid = {FF30E328-A662-4E34-B49B-3BC1CEBB0A14}
	EndGlobalSection
EndGlobal
